
Microsoft Visual Studio Solution File, Format Version 12.00
# Visual Studio Version 16
VisualStudioVersion = 16.0.32901.82
MinimumVisualStudioVersion = 10.0.40219.1
Project("{FAE04EC0-301F-11D3-BF4B-00C04F79EFBC}") = "MyProject", "MyProject.csproj", "{FA9DABB1-5FCF-4E8B-AB6E-5723BA1C10FC}"
EndProject
Global
	GlobalSection(SolutionConfigurationPlatforms) = preSolution
		Debug|Any CPU = Debug|Any CPU
		Release|Any CPU = Release|Any CPU
	EndGlobalSection
	GlobalSection(ProjectConfigurationPlatforms) = postSolution
		{FA9DABB1-5FCF-4E8B-AB6E-5723BA1C10FC}.Debug|Any CPU.ActiveCfg = Debug|Any CPU
		{FA9DABB1-5FCF-4E8B-AB6E-5723BA1C10FC}.Debug|Any CPU.Build.0 = Debug|Any CPU
		{FA9DABB1-5FCF-4E8B-AB6E-5723BA1C10FC}.Release|Any CPU.ActiveCfg = Release|Any CPU
		{FA9DABB1-5FCF-4E8B-AB6E-5723BA1C10FC}.Release|Any CPU.Build.0 = Release|Any CPU
	EndGlobalSection
	GlobalSection(SolutionProperties) = preSolution
		HideSolutionNode = FALSE
	EndGlobalSection
	GlobalSection(ExtensibilityGlobals) = postSolution
		SolutionGuid = {35BF47FB-8928-4E96-AFB2-0CA876318244}
	EndGlobalSection
EndGlobal
