
Microsoft Visual Studio Solution File, Format Version 12.00
# Visual Studio Version 16
VisualStudioVersion = 16.0.32901.82
MinimumVisualStudioVersion = 10.0.40219.1
Project("{FAE04EC0-301F-11D3-BF4B-00C04F79EFBC}") = "Calculator", "Calculator.csproj", "{9C3B2271-1A42-44DD-BA20-3D212C03739C}"
EndProject
Global
	GlobalSection(SolutionConfigurationPlatforms) = preSolution
		Debug|Any CPU = Debug|Any CPU
		Release|Any CPU = Release|Any CPU
	EndGlobalSection
	GlobalSection(ProjectConfigurationPlatforms) = postSolution
		{9C3B2271-1A42-44DD-BA20-3D212C03739C}.Debug|Any CPU.ActiveCfg = Debug|Any CPU
		{9C3B2271-1A42-44DD-BA20-3D212C03739C}.Debug|Any CPU.Build.0 = Debug|Any CPU
		{9C3B2271-1A42-44DD-BA20-3D212C03739C}.Release|Any CPU.ActiveCfg = Release|Any CPU
		{9C3B2271-1A42-44DD-BA20-3D212C03739C}.Release|Any CPU.Build.0 = Release|Any CPU
	EndGlobalSection
	GlobalSection(SolutionProperties) = preSolution
		HideSolutionNode = FALSE
	EndGlobalSection
	GlobalSection(ExtensibilityGlobals) = postSolution
		SolutionGuid = {B6FA3F1F-E874-4DE3-8903-34F292739127}
	EndGlobalSection
EndGlobal
